
Microsoft Visual Studio Solution File, Format Version 12.00
# Visual Studio Version 16
VisualStudioVersion = 16.0.30413.136
MinimumVisualStudioVersion = 10.0.40219.1
Project("{FAE04EC0-301F-11D3-BF4B-00C04F79EFBC}") = "GosperCurve", "GosperCurve\GosperCurve.csproj", "{095B75D3-CD28-4EED-9809-E3CC9B490984}"
EndProject
Global
	GlobalSection(SolutionConfigurationPlatforms) = preSolution
		Debug|Any CPU = Debug|Any CPU
		Release|Any CPU = Release|Any CPU
	EndGlobalSection
	GlobalSection(ProjectConfigurationPlatforms) = postSolution
		{095B75D3-CD28-4EED-9809-E3CC9B490984}.Debug|Any CPU.ActiveCfg = Debug|Any CPU
		{095B75D3-CD28-4EED-9809-E3CC9B490984}.Debug|Any CPU.Build.0 = Debug|Any CPU
		{095B75D3-CD28-4EED-9809-E3CC9B490984}.Release|Any CPU.ActiveCfg = Release|Any CPU
		{095B75D3-CD28-4EED-9809-E3CC9B490984}.Release|Any CPU.Build.0 = Release|Any CPU
	EndGlobalSection
	GlobalSection(SolutionProperties) = preSolution
		HideSolutionNode = FALSE
	EndGlobalSection
	GlobalSection(ExtensibilityGlobals) = postSolution
		SolutionGuid = {200498C0-64C3-4590-B133-37D222577446}
	EndGlobalSection
EndGlobal
