
Microsoft Visual Studio Solution File, Format Version 12.00
# Visual Studio 15
VisualStudioVersion = 15.0.28307.539
MinimumVisualStudioVersion = 10.0.40219.1
Project("{F184B08F-C81C-45F6-A57F-5ABD9991F28F}") = "Графический редактор", "Графический редактор\Графический редактор.vbproj", "{BABE40C9-C106-4002-B6F6-8954B6E28F89}"
EndProject
Global
	GlobalSection(SolutionConfigurationPlatforms) = preSolution
		Debug|Any CPU = Debug|Any CPU
		Release|Any CPU = Release|Any CPU
	EndGlobalSection
	GlobalSection(ProjectConfigurationPlatforms) = postSolution
		{BABE40C9-C106-4002-B6F6-8954B6E28F89}.Debug|Any CPU.ActiveCfg = Debug|Any CPU
		{BABE40C9-C106-4002-B6F6-8954B6E28F89}.Debug|Any CPU.Build.0 = Debug|Any CPU
		{BABE40C9-C106-4002-B6F6-8954B6E28F89}.Release|Any CPU.ActiveCfg = Release|Any CPU
		{BABE40C9-C106-4002-B6F6-8954B6E28F89}.Release|Any CPU.Build.0 = Release|Any CPU
	EndGlobalSection
	GlobalSection(SolutionProperties) = preSolution
		HideSolutionNode = FALSE
	EndGlobalSection
	GlobalSection(ExtensibilityGlobals) = postSolution
		SolutionGuid = {001D255B-6F11-497E-9CD2-6CA408A8F550}
	EndGlobalSection
EndGlobal
